
Microsoft Visual Studio Solution File, Format Version 12.00
# Visual Studio 15
VisualStudioVersion = 15.0.28307.136
MinimumVisualStudioVersion = 10.0.40219.1
Project("{FAE04EC0-301F-11D3-BF4B-00C04F79EFBC}") = "TplTransfersClient", "TplTransfersClient\TplTransfersClient.csproj", "{D4D0D05A-2517-4D3A-8B8E-8289B34DDBB1}"
EndProject
Global
	GlobalSection(SolutionConfigurationPlatforms) = preSolution
		Debug|Any CPU = Debug|Any CPU
		Release|Any CPU = Release|Any CPU
	EndGlobalSection
	GlobalSection(ProjectConfigurationPlatforms) = postSolution
		{D4D0D05A-2517-4D3A-8B8E-8289B34DDBB1}.Debug|Any CPU.ActiveCfg = Debug|Any CPU
		{D4D0D05A-2517-4D3A-8B8E-8289B34DDBB1}.Debug|Any CPU.Build.0 = Debug|Any CPU
		{D4D0D05A-2517-4D3A-8B8E-8289B34DDBB1}.Release|Any CPU.ActiveCfg = Release|Any CPU
		{D4D0D05A-2517-4D3A-8B8E-8289B34DDBB1}.Release|Any CPU.Build.0 = Release|Any CPU
	EndGlobalSection
	GlobalSection(SolutionProperties) = preSolution
		HideSolutionNode = FALSE
	EndGlobalSection
	GlobalSection(ExtensibilityGlobals) = postSolution
		SolutionGuid = {857C8F55-1DF1-4BBB-9E7F-A46712FAF38A}
	EndGlobalSection
EndGlobal
